
Microsoft Visual Studio Solution File, Format Version 12.00
# Visual Studio Version 16
VisualStudioVersion = 16.0.31019.35
MinimumVisualStudioVersion = 10.0.40219.1
Project("{FAE04EC0-301F-11D3-BF4B-00C04F79EFBC}") = "MuhammadAgaAnanda_1302194061_Kelompok7", "MuhammadAgaAnanda_1302194061_Kelompok7\MuhammadAgaAnanda_1302194061_Kelompok7.csproj", "{963D6500-5EF2-4B9A-949B-97356AB1D5DE}"
EndProject
Global
	GlobalSection(SolutionConfigurationPlatforms) = preSolution
		Debug|Any CPU = Debug|Any CPU
		Release|Any CPU = Release|Any CPU
	EndGlobalSection
	GlobalSection(ProjectConfigurationPlatforms) = postSolution
		{963D6500-5EF2-4B9A-949B-97356AB1D5DE}.Debug|Any CPU.ActiveCfg = Debug|Any CPU
		{963D6500-5EF2-4B9A-949B-97356AB1D5DE}.Debug|Any CPU.Build.0 = Debug|Any CPU
		{963D6500-5EF2-4B9A-949B-97356AB1D5DE}.Release|Any CPU.ActiveCfg = Release|Any CPU
		{963D6500-5EF2-4B9A-949B-97356AB1D5DE}.Release|Any CPU.Build.0 = Release|Any CPU
	EndGlobalSection
	GlobalSection(SolutionProperties) = preSolution
		HideSolutionNode = FALSE
	EndGlobalSection
	GlobalSection(ExtensibilityGlobals) = postSolution
		SolutionGuid = {321885FF-9888-43BF-9D2F-A1C3A3F79E6F}
	EndGlobalSection
EndGlobal
